
Microsoft Visual Studio Solution File, Format Version 12.00
# Visual Studio Express 2012 for Web
Project("{FAE04EC0-301F-11D3-BF4B-00C04F79EFBC}") = "Campus Helpdesk System", "Campus Helpdesk System\Campus Helpdesk System.csproj", "{90AA2A08-B98B-4563-9AF8-465209726360}"
EndProject
Global
	GlobalSection(SolutionConfigurationPlatforms) = preSolution
		Debug|Any CPU = Debug|Any CPU
		Release|Any CPU = Release|Any CPU
	EndGlobalSection
	GlobalSection(ProjectConfigurationPlatforms) = postSolution
		{90AA2A08-B98B-4563-9AF8-465209726360}.Debug|Any CPU.ActiveCfg = Debug|Any CPU
		{90AA2A08-B98B-4563-9AF8-465209726360}.Debug|Any CPU.Build.0 = Debug|Any CPU
		{90AA2A08-B98B-4563-9AF8-465209726360}.Release|Any CPU.ActiveCfg = Release|Any CPU
		{90AA2A08-B98B-4563-9AF8-465209726360}.Release|Any CPU.Build.0 = Release|Any CPU
	EndGlobalSection
	GlobalSection(SolutionProperties) = preSolution
		HideSolutionNode = FALSE
	EndGlobalSection
EndGlobal
